// !$*UTF8*$!
{
	archiveVersion = 1;
	classes = {
	};
	objectVersion = 77;
	objects = {

/* Begin PBXBuildFile section */
		5B56F0CE2D66BEE200AA7E1D /* GoogleSignIn in Frameworks */ = {isa = PBXBuildFile; productRef = 5B56F0CD2D66BEE200AA7E1D /* GoogleSignIn */; };
		5B56F0D02D66BEE200AA7E1D /* GoogleSignInSwift in Frameworks */ = {isa = PBXBuildFile; productRef = 5B56F0CF2D66BEE200AA7E1D /* GoogleSignInSwift */; };
		5B77D2342D644B91005ECC5F /* SwiftKeychainWrapper in Frameworks */ = {isa = PBXBuildFile; productRef = 5B77D2332D644B91005ECC5F /* SwiftKeychainWrapper */; };
		5BB998012D66E9A7003346EE /* GoogleSignIn in Frameworks */ = {isa = PBXBuildFile; productRef = 5BB998002D66E9A7003346EE /* GoogleSignIn */; };
		5BB998032D66E9A7003346EE /* GoogleSignInSwift in Frameworks */ = {isa = PBXBuildFile; productRef = 5BB998022D66E9A7003346EE /* GoogleSignInSwift */; };
/* End PBXBuildFile section */

/* Begin PBXContainerItemProxy section */
		5BB997EC2D66E319003346EE /* PBXContainerItemProxy */ = {
			isa = PBXContainerItemProxy;
			containerPortal = 5B77D17F2D5F004E005ECC5F /* Project object */;
			proxyType = 1;
			remoteGlobalIDString = 5B77D1862D5F004E005ECC5F;
			remoteInfo = LoginScreen;
		};
		5BB997FB2D66E334003346EE /* PBXContainerItemProxy */ = {
			isa = PBXContainerItemProxy;
			containerPortal = 5B77D17F2D5F004E005ECC5F /* Project object */;
			proxyType = 1;
			remoteGlobalIDString = 5B77D1862D5F004E005ECC5F;
			remoteInfo = LoginScreen;
		};
/* End PBXContainerItemProxy section */

/* Begin PBXFileReference section */
		5B77D1872D5F004E005ECC5F /* LoginScreen.app */ = {isa = PBXFileReference; explicitFileType = wrapper.application; includeInIndex = 0; path = LoginScreen.app; sourceTree = BUILT_PRODUCTS_DIR; };
		5BB997E82D66E319003346EE /* LoginScreenTests.xctest */ = {isa = PBXFileReference; explicitFileType = wrapper.cfbundle; includeInIndex = 0; path = LoginScreenTests.xctest; sourceTree = BUILT_PRODUCTS_DIR; };
		5BB997F52D66E334003346EE /* LoginScreenUITests.xctest */ = {isa = PBXFileReference; explicitFileType = wrapper.cfbundle; includeInIndex = 0; path = LoginScreenUITests.xctest; sourceTree = BUILT_PRODUCTS_DIR; };
/* End PBXFileReference section */

/* Begin PBXFileSystemSynchronizedBuildFileExceptionSet section */
		5B77D1992D5F0050005ECC5F /* Exceptions for "LoginScreen" folder in "LoginScreen" target */ = {
			isa = PBXFileSystemSynchronizedBuildFileExceptionSet;
			membershipExceptions = (
				Info.plist,
			);
			target = 5B77D1862D5F004E005ECC5F /* LoginScreen */;
		};
/* End PBXFileSystemSynchronizedBuildFileExceptionSet section */

/* Begin PBXFileSystemSynchronizedRootGroup section */
		5B77D1892D5F004E005ECC5F /* LoginScreen */ = {
			isa = PBXFileSystemSynchronizedRootGroup;
			exceptions = (
				5B77D1992D5F0050005ECC5F /* Exceptions for "LoginScreen" folder in "LoginScreen" target */,
			);
			path = LoginScreen;
			sourceTree = "<group>";
		};
		5BB997E92D66E319003346EE /* LoginScreenTests */ = {
			isa = PBXFileSystemSynchronizedRootGroup;
			path = LoginScreenTests;
			sourceTree = "<group>";
		};
		5BB997F62D66E334003346EE /* LoginScreenUITests */ = {
			isa = PBXFileSystemSynchronizedRootGroup;
			path = LoginScreenUITests;
			sourceTree = "<group>";
		};
/* End PBXFileSystemSynchronizedRootGroup section */

/* Begin PBXFrameworksBuildPhase section */
		5B77D1842D5F004E005ECC5F /* Frameworks */ = {
			isa = PBXFrameworksBuildPhase;
			buildActionMask = 2147483647;
			files = (
				5B56F0D02D66BEE200AA7E1D /* GoogleSignInSwift in Frameworks */,
				5B77D2342D644B91005ECC5F /* SwiftKeychainWrapper in Frameworks */,
				5B56F0CE2D66BEE200AA7E1D /* GoogleSignIn in Frameworks */,
			);
			runOnlyForDeploymentPostprocessing = 0;
		};
		5BB997E52D66E319003346EE /* Frameworks */ = {
			isa = PBXFrameworksBuildPhase;
			buildActionMask = 2147483647;
			files = (
			);
			runOnlyForDeploymentPostprocessing = 0;
		};
		5BB997F22D66E334003346EE /* Frameworks */ = {
			isa = PBXFrameworksBuildPhase;
			buildActionMask = 2147483647;
			files = (
				5BB998012D66E9A7003346EE /* GoogleSignIn in Frameworks */,
				5BB998032D66E9A7003346EE /* GoogleSignInSwift in Frameworks */,
			);
			runOnlyForDeploymentPostprocessing = 0;
		};
/* End PBXFrameworksBuildPhase section */

/* Begin PBXGroup section */
		5B77D17E2D5F004E005ECC5F = {
			isa = PBXGroup;
			children = (
				5B77D1892D5F004E005ECC5F /* LoginScreen */,
				5BB997E92D66E319003346EE /* LoginScreenTests */,
				5BB997F62D66E334003346EE /* LoginScreenUITests */,
				5B77D1882D5F004E005ECC5F /* Products */,
			);
			sourceTree = "<group>";
		};
		5B77D1882D5F004E005ECC5F /* Products */ = {
			isa = PBXGroup;
			children = (
				5B77D1872D5F004E005ECC5F /* LoginScreen.app */,
				5BB997E82D66E319003346EE /* LoginScreenTests.xctest */,
				5BB997F52D66E334003346EE /* LoginScreenUITests.xctest */,
			);
			name = Products;
			sourceTree = "<group>";
		};
/* End PBXGroup section */

/* Begin PBXNativeTarget section */
		5B77D1862D5F004E005ECC5F /* LoginScreen */ = {
			isa = PBXNativeTarget;
			buildConfigurationList = 5B77D19A2D5F0050005ECC5F /* Build configuration list for PBXNativeTarget "LoginScreen" */;
			buildPhases = (
				5B77D1832D5F004E005ECC5F /* Sources */,
				5B77D1842D5F004E005ECC5F /* Frameworks */,
				5B77D1852D5F004E005ECC5F /* Resources */,
			);
			buildRules = (
			);
			dependencies = (
			);
			fileSystemSynchronizedGroups = (
				5B77D1892D5F004E005ECC5F /* LoginScreen */,
			);
			name = LoginScreen;
			packageProductDependencies = (
				5B77D2332D644B91005ECC5F /* SwiftKeychainWrapper */,
				5B56F0CD2D66BEE200AA7E1D /* GoogleSignIn */,
				5B56F0CF2D66BEE200AA7E1D /* GoogleSignInSwift */,
			);
			productName = LoginScreen;
			productReference = 5B77D1872D5F004E005ECC5F /* LoginScreen.app */;
			productType = "com.apple.product-type.application";
		};
		5BB997E72D66E319003346EE /* LoginScreenTests */ = {
			isa = PBXNativeTarget;
			buildConfigurationList = 5BB997EE2D66E319003346EE /* Build configuration list for PBXNativeTarget "LoginScreenTests" */;
			buildPhases = (
				5BB997E42D66E319003346EE /* Sources */,
				5BB997E52D66E319003346EE /* Frameworks */,
				5BB997E62D66E319003346EE /* Resources */,
			);
			buildRules = (
			);
			dependencies = (
				5BB997ED2D66E319003346EE /* PBXTargetDependency */,
			);
			fileSystemSynchronizedGroups = (
				5BB997E92D66E319003346EE /* LoginScreenTests */,
			);
			name = LoginScreenTests;
			packageProductDependencies = (
			);
			productName = LoginScreenTests;
			productReference = 5BB997E82D66E319003346EE /* LoginScreenTests.xctest */;
			productType = "com.apple.product-type.bundle.unit-test";
		};
		5BB997F42D66E334003346EE /* LoginScreenUITests */ = {
			isa = PBXNativeTarget;
			buildConfigurationList = 5BB997FD2D66E334003346EE /* Build configuration list for PBXNativeTarget "LoginScreenUITests" */;
			buildPhases = (
				5BB997F12D66E334003346EE /* Sources */,
				5BB997F22D66E334003346EE /* Frameworks */,
				5BB997F32D66E334003346EE /* Resources */,
			);
			buildRules = (
			);
			dependencies = (
				5BB997FC2D66E334003346EE /* PBXTargetDependency */,
			);
			fileSystemSynchronizedGroups = (
				5BB997F62D66E334003346EE /* LoginScreenUITests */,
			);
			name = LoginScreenUITests;
			packageProductDependencies = (
				5BB998002D66E9A7003346EE /* GoogleSignIn */,
				5BB998022D66E9A7003346EE /* GoogleSignInSwift */,
			);
			productName = LoginScreenUITests;
			productReference = 5BB997F52D66E334003346EE /* LoginScreenUITests.xctest */;
			productType = "com.apple.product-type.bundle.ui-testing";
		};
/* End PBXNativeTarget section */

/* Begin PBXProject section */
		5B77D17F2D5F004E005ECC5F /* Project object */ = {
			isa = PBXProject;
			attributes = {
				BuildIndependentTargetsInParallel = 1;
				LastSwiftUpdateCheck = 1620;
				LastUpgradeCheck = 1620;
				TargetAttributes = {
					5B77D1862D5F004E005ECC5F = {
						CreatedOnToolsVersion = 16.2;
					};
					5BB997E72D66E319003346EE = {
						CreatedOnToolsVersion = 16.2;
						TestTargetID = 5B77D1862D5F004E005ECC5F;
					};
					5BB997F42D66E334003346EE = {
						CreatedOnToolsVersion = 16.2;
						TestTargetID = 5B77D1862D5F004E005ECC5F;
					};
				};
			};
			buildConfigurationList = 5B77D1822D5F004E005ECC5F /* Build configuration list for PBXProject "LoginScreen" */;
			developmentRegion = en;
			hasScannedForEncodings = 0;
			knownRegions = (
				en,
				Base,
			);
			mainGroup = 5B77D17E2D5F004E005ECC5F;
			minimizedProjectReferenceProxies = 1;
			packageReferences = (
				5B77D2322D644B91005ECC5F /* XCRemoteSwiftPackageReference "SwiftKeychainWrapper" */,
				5B56F0CC2D66BEE200AA7E1D /* XCRemoteSwiftPackageReference "GoogleSignIn-iOS" */,
			);
			preferredProjectObjectVersion = 77;
			productRefGroup = 5B77D1882D5F004E005ECC5F /* Products */;
			projectDirPath = "";
			projectRoot = "";
			targets = (
				5B77D1862D5F004E005ECC5F /* LoginScreen */,
				5BB997E72D66E319003346EE /* LoginScreenTests */,
				5BB997F42D66E334003346EE /* LoginScreenUITests */,
			);
		};
/* End PBXProject section */

/* Begin PBXResourcesBuildPhase section */
		5B77D1852D5F004E005ECC5F /* Resources */ = {
			isa = PBXResourcesBuildPhase;
			buildActionMask = 2147483647;
			files = (
			);
			runOnlyForDeploymentPostprocessing = 0;
		};
		5BB997E62D66E319003346EE /* Resources */ = {
			isa = PBXResourcesBuildPhase;
			buildActionMask = 2147483647;
			files = (
			);
			runOnlyForDeploymentPostprocessing = 0;
		};
		5BB997F32D66E334003346EE /* Resources */ = {
			isa = PBXResourcesBuildPhase;
			buildActionMask = 2147483647;
			files = (
			);
			runOnlyForDeploymentPostprocessing = 0;
		};
/* End PBXResourcesBuildPhase section */

/* Begin PBXSourcesBuildPhase section */
		5B77D1832D5F004E005ECC5F /* Sources */ = {
			isa = PBXSourcesBuildPhase;
			buildActionMask = 2147483647;
			files = (
			);
			runOnlyForDeploymentPostprocessing = 0;
		};
		5BB997E42D66E319003346EE /* Sources */ = {
			isa = PBXSourcesBuildPhase;
			buildActionMask = 2147483647;
			files = (
			);
			runOnlyForDeploymentPostprocessing = 0;
		};
		5BB997F12D66E334003346EE /* Sources */ = {
			isa = PBXSourcesBuildPhase;
			buildActionMask = 2147483647;
			files = (
			);
			runOnlyForDeploymentPostprocessing = 0;
		};
/* End PBXSourcesBuildPhase section */

/* Begin PBXTargetDependency section */
		5BB997ED2D66E319003346EE /* PBXTargetDependency */ = {
			isa = PBXTargetDependency;
			target = 5B77D1862D5F004E005ECC5F /* LoginScreen */;
			targetProxy = 5BB997EC2D66E319003346EE /* PBXContainerItemProxy */;
		};
		5BB997FC2D66E334003346EE /* PBXTargetDependency */ = {
			isa = PBXTargetDependency;
			target = 5B77D1862D5F004E005ECC5F /* LoginScreen */;
			targetProxy = 5BB997FB2D66E334003346EE /* PBXContainerItemProxy */;
		};
/* End PBXTargetDependency section */

/* Begin XCBuildConfiguration section */
		5B77D19B2D5F0050005ECC5F /* Debug */ = {
			isa = XCBuildConfiguration;
			buildSettings = {
				ASSETCATALOG_COMPILER_APPICON_NAME = AppIcon;
				ASSETCATALOG_COMPILER_GLOBAL_ACCENT_COLOR_NAME = AccentColor;
				CODE_SIGN_STYLE = Automatic;
				CURRENT_PROJECT_VERSION = 1;
				GENERATE_INFOPLIST_FILE = YES;
				INFOPLIST_FILE = LoginScreen/Info.plist;
				INFOPLIST_KEY_UIApplicationSupportsIndirectInputEvents = YES;
				INFOPLIST_KEY_UILaunchStoryboardName = LaunchScreen;
				INFOPLIST_KEY_UIMainStoryboardFile = Main;
				INFOPLIST_KEY_UISupportedInterfaceOrientations_iPad = "UIInterfaceOrientationPortrait UIInterfaceOrientationPortraitUpsideDown UIInterfaceOrientationLandscapeLeft UIInterfaceOrientationLandscapeRight";
				INFOPLIST_KEY_UISupportedInterfaceOrientations_iPhone = "UIInterfaceOrientationPortrait UIInterfaceOrientationLandscapeLeft UIInterfaceOrientationLandscapeRight";
				LD_RUNPATH_SEARCH_PATHS = (
					"$(inherited)",
					"@executable_path/Frameworks",
				);
				MARKETING_VERSION = 1.0;
				PRODUCT_BUNDLE_IDENTIFIER = com.rashadmilton.loginscreen;
				PRODUCT_NAME = "$(TARGET_NAME)";
				SWIFT_EMIT_LOC_STRINGS = YES;
				SWIFT_VERSION = 5.0;
				TARGETED_DEVICE_FAMILY = "1,2";
			};
			name = Debug;
		};
		5B77D19C2D5F0050005ECC5F /* Release */ = {
			isa = XCBuildConfiguration;
			buildSettings = {
				ASSETCATALOG_COMPILER_APPICON_NAME = AppIcon;
				ASSETCATALOG_COMPILER_GLOBAL_ACCENT_COLOR_NAME = AccentColor;
				CODE_SIGN_STYLE = Automatic;
				CURRENT_PROJECT_VERSION = 1;
				GENERATE_INFOPLIST_FILE = YES;
				INFOPLIST_FILE = LoginScreen/Info.plist;
				INFOPLIST_KEY_UIApplicationSupportsIndirectInputEvents = YES;
				INFOPLIST_KEY_UILaunchStoryboardName = LaunchScreen;
				INFOPLIST_KEY_UIMainStoryboardFile = Main;
				INFOPLIST_KEY_UISupportedInterfaceOrientations_iPad = "UIInterfaceOrientationPortrait UIInterfaceOrientationPortraitUpsideDown UIInterfaceOrientationLandscapeLeft UIInterfaceOrientationLandscapeRight";
				INFOPLIST_KEY_UISupportedInterfaceOrientations_iPhone = "UIInterfaceOrientationPortrait UIInterfaceOrientationLandscapeLeft UIInterfaceOrientationLandscapeRight";
				LD_RUNPATH_SEARCH_PATHS = (
					"$(inherited)",
					"@executable_path/Frameworks",
				);
				MARKETING_VERSION = 1.0;
				PRODUCT_BUNDLE_IDENTIFIER = com.rashadmilton.loginscreen;
				PRODUCT_NAME = "$(TARGET_NAME)";
				SWIFT_EMIT_LOC_STRINGS = YES;
				SWIFT_VERSION = 5.0;
				TARGETED_DEVICE_FAMILY = "1,2";
			};
			name = Release;
		};
		5B77D19D2D5F0050005ECC5F /* Debug */ = {
			isa = XCBuildConfiguration;
			buildSettings = {
				ALWAYS_SEARCH_USER_PATHS = NO;
				ASSETCATALOG_COMPILER_GENERATE_SWIFT_ASSET_SYMBOL_EXTENSIONS = YES;
				CLANG_ANALYZER_NONNULL = YES;
				CLANG_ANALYZER_NUMBER_OBJECT_CONVERSION = YES_AGGRESSIVE;
				CLANG_CXX_LANGUAGE_STANDARD = "gnu++20";
				CLANG_ENABLE_MODULES = YES;
				CLANG_ENABLE_OBJC_ARC = YES;
				CLANG_ENABLE_OBJC_WEAK = YES;
				CLANG_WARN_BLOCK_CAPTURE_AUTORELEASING = YES;
				CLANG_WARN_BOOL_CONVERSION = YES;
				CLANG_WARN_COMMA = YES;
				CLANG_WARN_CONSTANT_CONVERSION = YES;
				CLANG_WARN_DEPRECATED_OBJC_IMPLEMENTATIONS = YES;
				CLANG_WARN_DIRECT_OBJC_ISA_USAGE = YES_ERROR;
				CLANG_WARN_DOCUMENTATION_COMMENTS = YES;
				CLANG_WARN_EMPTY_BODY = YES;
				CLANG_WARN_ENUM_CONVERSION = YES;
				CLANG_WARN_INFINITE_RECURSION = YES;
				CLANG_WARN_INT_CONVERSION = YES;
				CLANG_WARN_NON_LITERAL_NULL_CONVERSION = YES;
				CLANG_WARN_OBJC_IMPLICIT_RETAIN_SELF = YES;
				CLANG_WARN_OBJC_LITERAL_CONVERSION = YES;
				CLANG_WARN_OBJC_ROOT_CLASS = YES_ERROR;
				CLANG_WARN_QUOTED_INCLUDE_IN_FRAMEWORK_HEADER = YES;
				CLANG_WARN_RANGE_LOOP_ANALYSIS = YES;
				CLANG_WARN_STRICT_PROTOTYPES = YES;
				CLANG_WARN_SUSPICIOUS_MOVE = YES;
				CLANG_WARN_UNGUARDED_AVAILABILITY = YES_AGGRESSIVE;
				CLANG_WARN_UNREACHABLE_CODE = YES;
				CLANG_WARN__DUPLICATE_METHOD_MATCH = YES;
				COPY_PHASE_STRIP = NO;
				DEBUG_INFORMATION_FORMAT = dwarf;
				ENABLE_STRICT_OBJC_MSGSEND = YES;
				ENABLE_TESTABILITY = YES;
				ENABLE_USER_SCRIPT_SANDBOXING = YES;
				GCC_C_LANGUAGE_STANDARD = gnu17;
				GCC_DYNAMIC_NO_PIC = NO;
				GCC_NO_COMMON_BLOCKS = YES;
				GCC_OPTIMIZATION_LEVEL = 0;
				GCC_PREPROCESSOR_DEFINITIONS = (
					"DEBUG=1",
					"$(inherited)",
				);
				GCC_WARN_64_TO_32_BIT_CONVERSION = YES;
				GCC_WARN_ABOUT_RETURN_TYPE = YES_ERROR;
				GCC_WARN_UNDECLARED_SELECTOR = YES;
				GCC_WARN_UNINITIALIZED_AUTOS = YES_AGGRESSIVE;
				GCC_WARN_UNUSED_FUNCTION = YES;
				GCC_WARN_UNUSED_VARIABLE = YES;
				IPHONEOS_DEPLOYMENT_TARGET = 18.2;
				LOCALIZATION_PREFERS_STRING_CATALOGS = YES;
				MTL_ENABLE_DEBUG_INFO = INCLUDE_SOURCE;
				MTL_FAST_MATH = YES;
				ONLY_ACTIVE_ARCH = YES;
				SDKROOT = iphoneos;
				SWIFT_ACTIVE_COMPILATION_CONDITIONS = "DEBUG $(inherited)";
				SWIFT_OPTIMIZATION_LEVEL = "-Onone";
			};
			name = Debug;
		};
		5B77D19E2D5F0050005ECC5F /* Release */ = {
			isa = XCBuildConfiguration;
			buildSettings = {
				ALWAYS_SEARCH_USER_PATHS = NO;
				ASSETCATALOG_COMPILER_GENERATE_SWIFT_ASSET_SYMBOL_EXTENSIONS = YES;
				CLANG_ANALYZER_NONNULL = YES;
				CLANG_ANALYZER_NUMBER_OBJECT_CONVERSION = YES_AGGRESSIVE;
				CLANG_CXX_LANGUAGE_STANDARD = "gnu++20";
				CLANG_ENABLE_MODULES = YES;
				CLANG_ENABLE_OBJC_ARC = YES;
				CLANG_ENABLE_OBJC_WEAK = YES;
				CLANG_WARN_BLOCK_CAPTURE_AUTORELEASING = YES;
				CLANG_WARN_BOOL_CONVERSION = YES;
				CLANG_WARN_COMMA = YES;
				CLANG_WARN_CONSTANT_CONVERSION = YES;
				CLANG_WARN_DEPRECATED_OBJC_IMPLEMENTATIONS = YES;
				CLANG_WARN_DIRECT_OBJC_ISA_USAGE = YES_ERROR;
				CLANG_WARN_DOCUMENTATION_COMMENTS = YES;
				CLANG_WARN_EMPTY_BODY = YES;
				CLANG_WARN_ENUM_CONVERSION = YES;
				CLANG_WARN_INFINITE_RECURSION = YES;
				CLANG_WARN_INT_CONVERSION = YES;
				CLANG_WARN_NON_LITERAL_NULL_CONVERSION = YES;
				CLANG_WARN_OBJC_IMPLICIT_RETAIN_SELF = YES;
				CLANG_WARN_OBJC_LITERAL_CONVERSION = YES;
				CLANG_WARN_OBJC_ROOT_CLASS = YES_ERROR;
				CLANG_WARN_QUOTED_INCLUDE_IN_FRAMEWORK_HEADER = YES;
				CLANG_WARN_RANGE_LOOP_ANALYSIS = YES;
				CLANG_WARN_STRICT_PROTOTYPES = YES;
				CLANG_WARN_SUSPICIOUS_MOVE = YES;
				CLANG_WARN_UNGUARDED_AVAILABILITY = YES_AGGRESSIVE;
				CLANG_WARN_UNREACHABLE_CODE = YES;
				CLANG_WARN__DUPLICATE_METHOD_MATCH = YES;
				COPY_PHASE_STRIP = NO;
				DEBUG_INFORMATION_FORMAT = "dwarf-with-dsym";
				ENABLE_NS_ASSERTIONS = NO;
				ENABLE_STRICT_OBJC_MSGSEND = YES;
				ENABLE_USER_SCRIPT_SANDBOXING = YES;
				GCC_C_LANGUAGE_STANDARD = gnu17;
				GCC_NO_COMMON_BLOCKS = YES;
				GCC_WARN_64_TO_32_BIT_CONVERSION = YES;
				GCC_WARN_ABOUT_RETURN_TYPE = YES_ERROR;
				GCC_WARN_UNDECLARED_SELECTOR = YES;
				GCC_WARN_UNINITIALIZED_AUTOS = YES_AGGRESSIVE;
				GCC_WARN_UNUSED_FUNCTION = YES;
				GCC_WARN_UNUSED_VARIABLE = YES;
				IPHONEOS_DEPLOYMENT_TARGET = 18.2;
				LOCALIZATION_PREFERS_STRING_CATALOGS = YES;
				MTL_ENABLE_DEBUG_INFO = NO;
				MTL_FAST_MATH = YES;
				SDKROOT = iphoneos;
				SWIFT_COMPILATION_MODE = wholemodule;
				VALIDATE_PRODUCT = YES;
			};
			name = Release;
		};
		5BB997EF2D66E319003346EE /* Debug */ = {
			isa = XCBuildConfiguration;
			buildSettings = {
				BUNDLE_LOADER = "$(TEST_HOST)";
				CODE_SIGN_STYLE = Automatic;
				CURRENT_PROJECT_VERSION = 1;
				GENERATE_INFOPLIST_FILE = YES;
				MARKETING_VERSION = 1.0;
				PRODUCT_BUNDLE_IDENTIFIER = TC.LoginScreenTests;
				PRODUCT_NAME = "$(TARGET_NAME)";
				SWIFT_EMIT_LOC_STRINGS = NO;
				SWIFT_VERSION = 5.0;
				TARGETED_DEVICE_FAMILY = "1,2";
				TEST_HOST = "$(BUILT_PRODUCTS_DIR)/LoginScreen.app/$(BUNDLE_EXECUTABLE_FOLDER_PATH)/LoginScreen";
			};
			name = Debug;
		};
		5BB997F02D66E319003346EE /* Release */ = {
			isa = XCBuildConfiguration;
			buildSettings = {
				BUNDLE_LOADER = "$(TEST_HOST)";
				CODE_SIGN_STYLE = Automatic;
				CURRENT_PROJECT_VERSION = 1;
				GENERATE_INFOPLIST_FILE = YES;
				MARKETING_VERSION = 1.0;
				PRODUCT_BUNDLE_IDENTIFIER = TC.LoginScreenTests;
				PRODUCT_NAME = "$(TARGET_NAME)";
				SWIFT_EMIT_LOC_STRINGS = NO;
				SWIFT_VERSION = 5.0;
				TARGETED_DEVICE_FAMILY = "1,2";
				TEST_HOST = "$(BUILT_PRODUCTS_DIR)/LoginScreen.app/$(BUNDLE_EXECUTABLE_FOLDER_PATH)/LoginScreen";
			};
			name = Release;
		};
		5BB997FE2D66E334003346EE /* Debug */ = {
			isa = XCBuildConfiguration;
			buildSettings = {
				CODE_SIGN_STYLE = Automatic;
				CURRENT_PROJECT_VERSION = 1;
				GENERATE_INFOPLIST_FILE = YES;
				MARKETING_VERSION = 1.0;
				PRODUCT_BUNDLE_IDENTIFIER = TC.LoginScreenUITests;
				PRODUCT_NAME = "$(TARGET_NAME)";
				SWIFT_EMIT_LOC_STRINGS = NO;
				SWIFT_VERSION = 5.0;
				TARGETED_DEVICE_FAMILY = "1,2";
				TEST_TARGET_NAME = LoginScreen;
			};
			name = Debug;
		};
		5BB997FF2D66E334003346EE /* Release */ = {
			isa = XCBuildConfiguration;
			buildSettings = {
				CODE_SIGN_STYLE = Automatic;
				CURRENT_PROJECT_VERSION = 1;
				GENERATE_INFOPLIST_FILE = YES;
				MARKETING_VERSION = 1.0;
				PRODUCT_BUNDLE_IDENTIFIER = TC.LoginScreenUITests;
				PRODUCT_NAME = "$(TARGET_NAME)";
				SWIFT_EMIT_LOC_STRINGS = NO;
				SWIFT_VERSION = 5.0;
				TARGETED_DEVICE_FAMILY = "1,2";
				TEST_TARGET_NAME = LoginScreen;
			};
			name = Release;
		};
/* End XCBuildConfiguration section */

/* Begin XCConfigurationList section */
		5B77D1822D5F004E005ECC5F /* Build configuration list for PBXProject "LoginScreen" */ = {
			isa = XCConfigurationList;
			buildConfigurations = (
				5B77D19D2D5F0050005ECC5F /* Debug */,
				5B77D19E2D5F0050005ECC5F /* Release */,
			);
			defaultConfigurationIsVisible = 0;
			defaultConfigurationName = Release;
		};
		5B77D19A2D5F0050005ECC5F /* Build configuration list for PBXNativeTarget "LoginScreen" */ = {
			isa = XCConfigurationList;
			buildConfigurations = (
				5B77D19B2D5F0050005ECC5F /* Debug */,
				5B77D19C2D5F0050005ECC5F /* Release */,
			);
			defaultConfigurationIsVisible = 0;
			defaultConfigurationName = Release;
		};
		5BB997EE2D66E319003346EE /* Build configuration list for PBXNativeTarget "LoginScreenTests" */ = {
			isa = XCConfigurationList;
			buildConfigurations = (
				5BB997EF2D66E319003346EE /* Debug */,
				5BB997F02D66E319003346EE /* Release */,
			);
			defaultConfigurationIsVisible = 0;
			defaultConfigurationName = Release;
		};
		5BB997FD2D66E334003346EE /* Build configuration list for PBXNativeTarget "LoginScreenUITests" */ = {
			isa = XCConfigurationList;
			buildConfigurations = (
				5BB997FE2D66E334003346EE /* Debug */,
				5BB997FF2D66E334003346EE /* Release */,
			);
			defaultConfigurationIsVisible = 0;
			defaultConfigurationName = Release;
		};
/* End XCConfigurationList section */

/* Begin XCRemoteSwiftPackageReference section */
		5B56F0CC2D66BEE200AA7E1D /* XCRemoteSwiftPackageReference "GoogleSignIn-iOS" */ = {
			isa = XCRemoteSwiftPackageReference;
			repositoryURL = "https://github.com/google/GoogleSignIn-iOS";
			requirement = {
				kind = upToNextMajorVersion;
				minimumVersion = 8.0.0;
			};
		};
		5B77D2322D644B91005ECC5F /* XCRemoteSwiftPackageReference "SwiftKeychainWrapper" */ = {
			isa = XCRemoteSwiftPackageReference;
			repositoryURL = "https://github.com/jrendel/SwiftKeychainWrapper";
			requirement = {
				kind = upToNextMajorVersion;
				minimumVersion = 4.0.1;
			};
		};
/* End XCRemoteSwiftPackageReference section */

/* Begin XCSwiftPackageProductDependency section */
		5B56F0CD2D66BEE200AA7E1D /* GoogleSignIn */ = {
			isa = XCSwiftPackageProductDependency;
			package = 5B56F0CC2D66BEE200AA7E1D /* XCRemoteSwiftPackageReference "GoogleSignIn-iOS" */;
			productName = GoogleSignIn;
		};
		5B56F0CF2D66BEE200AA7E1D /* GoogleSignInSwift */ = {
			isa = XCSwiftPackageProductDependency;
			package = 5B56F0CC2D66BEE200AA7E1D /* XCRemoteSwiftPackageReference "GoogleSignIn-iOS" */;
			productName = GoogleSignInSwift;
		};
		5B77D2332D644B91005ECC5F /* SwiftKeychainWrapper */ = {
			isa = XCSwiftPackageProductDependency;
			package = 5B77D2322D644B91005ECC5F /* XCRemoteSwiftPackageReference "SwiftKeychainWrapper" */;
			productName = SwiftKeychainWrapper;
		};
		5BB998002D66E9A7003346EE /* GoogleSignIn */ = {
			isa = XCSwiftPackageProductDependency;
			package = 5B56F0CC2D66BEE200AA7E1D /* XCRemoteSwiftPackageReference "GoogleSignIn-iOS" */;
			productName = GoogleSignIn;
		};
		5BB998022D66E9A7003346EE /* GoogleSignInSwift */ = {
			isa = XCSwiftPackageProductDependency;
			package = 5B56F0CC2D66BEE200AA7E1D /* XCRemoteSwiftPackageReference "GoogleSignIn-iOS" */;
			productName = GoogleSignInSwift;
		};
/* End XCSwiftPackageProductDependency section */
	};
	rootObject = 5B77D17F2D5F004E005ECC5F /* Project object */;
}
